// !$*UTF8*$!
{
	archiveVersion = 1;
	classes = {
	};
	objectVersion = 77;
	objects = {

/* Begin PBXBuildFile section */
		5B659C672EA56DE2007FFE93 /* SQLiteData in Frameworks */ = {isa = PBXBuildFile; productRef = 5B659C662EA56DE2007FFE93 /* SQLiteData */; };
		5B659C6A2EA56E62007FFE93 /* ComposableArchitecture in Frameworks */ = {isa = PBXBuildFile; productRef = 5B659C692EA56E62007FFE93 /* ComposableArchitecture */; };
		5B659C6D2EA57213007FFE93 /* LaTeXSwiftUI in Frameworks */ = {isa = PBXBuildFile; productRef = 5B659C6C2EA57213007FFE93 /* LaTeXSwiftUI */; };
/* End PBXBuildFile section */

/* Begin PBXContainerItemProxy section */
		5B2DED6E2EB20CE60052D1D3 /* PBXContainerItemProxy */ = {
			isa = PBXContainerItemProxy;
			containerPortal = 5BB7693E2EA4F8EC00070D06 /* Project object */;
			proxyType = 1;
			remoteGlobalIDString = 5BB769452EA4F8EC00070D06;
			remoteInfo = LocalMind;
		};
		5B2DED7D2EB20D100052D1D3 /* PBXContainerItemProxy */ = {
			isa = PBXContainerItemProxy;
			containerPortal = 5BB7693E2EA4F8EC00070D06 /* Project object */;
			proxyType = 1;
			remoteGlobalIDString = 5BB769452EA4F8EC00070D06;
			remoteInfo = LocalMind;
		};
/* End PBXContainerItemProxy section */

/* Begin PBXFileReference section */
		5B2DECF52EB135380052D1D3 /* README.md */ = {isa = PBXFileReference; lastKnownFileType = net.daringfireball.markdown; path = README.md; sourceTree = "<group>"; };
		5B2DED6A2EB20CE60052D1D3 /* LocalMindTests.xctest */ = {isa = PBXFileReference; explicitFileType = wrapper.cfbundle; includeInIndex = 0; path = LocalMindTests.xctest; sourceTree = BUILT_PRODUCTS_DIR; };
		5B2DED772EB20D100052D1D3 /* LocalMindUITests.xctest */ = {isa = PBXFileReference; explicitFileType = wrapper.cfbundle; includeInIndex = 0; path = LocalMindUITests.xctest; sourceTree = BUILT_PRODUCTS_DIR; };
		5B2DEE572EB243260052D1D3 /* LocalMind.xctestplan */ = {isa = PBXFileReference; lastKnownFileType = file; path = LocalMind.xctestplan; sourceTree = "<group>"; };
		5BB769462EA4F8EC00070D06 /* LocalMind.app */ = {isa = PBXFileReference; explicitFileType = wrapper.application; includeInIndex = 0; path = LocalMind.app; sourceTree = BUILT_PRODUCTS_DIR; };
/* End PBXFileReference section */

/* Begin PBXFileSystemSynchronizedBuildFileExceptionSet section */
		5B2DED972EB20D230052D1D3 /* Exceptions for "LocalMind" folder in "LocalMind" target */ = {
			isa = PBXFileSystemSynchronizedBuildFileExceptionSet;
			membershipExceptions = (
				Sources/Tests/LocalMindTests/DatabaseClientTests.swift,
				Sources/Tests/LocalMindTests/DeviceInfoClientTests.swift,
				Sources/Tests/LocalMindTests/RenameDialogReducerTests.swift,
				Sources/Tests/LocalMindTests/SettingsReducerTests.swift,
				Sources/Tests/LocalMindUITests/LocalMindUITests.swift,
				Sources/Tests/LocalMindUITests/LocalMindUITestsLaunchTests.swift,
			);
			target = 5BB769452EA4F8EC00070D06 /* LocalMind */;
		};
		5B2DED982EB20D230052D1D3 /* Exceptions for "LocalMind" folder in "LocalMindTests" target */ = {
			isa = PBXFileSystemSynchronizedBuildFileExceptionSet;
			membershipExceptions = (
				Sources/Tests/LocalMindTests/DatabaseClientTests.swift,
				Sources/Tests/LocalMindTests/DeviceInfoClientTests.swift,
				Sources/Tests/LocalMindTests/RenameDialogReducerTests.swift,
				Sources/Tests/LocalMindTests/SettingsReducerTests.swift,
			);
			target = 5B2DED692EB20CE60052D1D3 /* LocalMindTests */;
		};
		5B2DED992EB20D230052D1D3 /* Exceptions for "LocalMind" folder in "LocalMindUITests" target */ = {
			isa = PBXFileSystemSynchronizedBuildFileExceptionSet;
			membershipExceptions = (
				Sources/Tests/LocalMindUITests/LocalMindUITests.swift,
				Sources/Tests/LocalMindUITests/LocalMindUITestsLaunchTests.swift,
			);
			target = 5B2DED762EB20D100052D1D3 /* LocalMindUITests */;
		};
/* End PBXFileSystemSynchronizedBuildFileExceptionSet section */

/* Begin PBXFileSystemSynchronizedRootGroup section */
		5BB769482EA4F8EC00070D06 /* LocalMind */ = {
			isa = PBXFileSystemSynchronizedRootGroup;
			exceptions = (
				5B2DED972EB20D230052D1D3 /* Exceptions for "LocalMind" folder in "LocalMind" target */,
				5B2DED982EB20D230052D1D3 /* Exceptions for "LocalMind" folder in "LocalMindTests" target */,
				5B2DED992EB20D230052D1D3 /* Exceptions for "LocalMind" folder in "LocalMindUITests" target */,
			);
			path = LocalMind;
			sourceTree = "<group>";
		};
/* End PBXFileSystemSynchronizedRootGroup section */

/* Begin PBXFrameworksBuildPhase section */
		5B2DED672EB20CE60052D1D3 /* Frameworks */ = {
			isa = PBXFrameworksBuildPhase;
			buildActionMask = 2147483647;
			files = (
			);
			runOnlyForDeploymentPostprocessing = 0;
		};
		5B2DED742EB20D100052D1D3 /* Frameworks */ = {
			isa = PBXFrameworksBuildPhase;
			buildActionMask = 2147483647;
			files = (
			);
			runOnlyForDeploymentPostprocessing = 0;
		};
		5BB769432EA4F8EC00070D06 /* Frameworks */ = {
			isa = PBXFrameworksBuildPhase;
			buildActionMask = 2147483647;
			files = (
				5B659C6A2EA56E62007FFE93 /* ComposableArchitecture in Frameworks */,
				5B659C672EA56DE2007FFE93 /* SQLiteData in Frameworks */,
				5B659C6D2EA57213007FFE93 /* LaTeXSwiftUI in Frameworks */,
			);
			runOnlyForDeploymentPostprocessing = 0;
		};
/* End PBXFrameworksBuildPhase section */

/* Begin PBXGroup section */
		5BB7693D2EA4F8EC00070D06 = {
			isa = PBXGroup;
			children = (
				5B2DEE572EB243260052D1D3 /* LocalMind.xctestplan */,
				5BB769482EA4F8EC00070D06 /* LocalMind */,
				5BB769472EA4F8EC00070D06 /* Products */,
				5B2DECF52EB135380052D1D3 /* README.md */,
			);
			sourceTree = "<group>";
		};
		5BB769472EA4F8EC00070D06 /* Products */ = {
			isa = PBXGroup;
			children = (
				5BB769462EA4F8EC00070D06 /* LocalMind.app */,
				5B2DED6A2EB20CE60052D1D3 /* LocalMindTests.xctest */,
				5B2DED772EB20D100052D1D3 /* LocalMindUITests.xctest */,
			);
			name = Products;
			sourceTree = "<group>";
		};
/* End PBXGroup section */

/* Begin PBXNativeTarget section */
		5B2DED692EB20CE60052D1D3 /* LocalMindTests */ = {
			isa = PBXNativeTarget;
			buildConfigurationList = 5B2DED702EB20CE60052D1D3 /* Build configuration list for PBXNativeTarget "LocalMindTests" */;
			buildPhases = (
				5B2DED662EB20CE60052D1D3 /* Sources */,
				5B2DED672EB20CE60052D1D3 /* Frameworks */,
				5B2DED682EB20CE60052D1D3 /* Resources */,
			);
			buildRules = (
			);
			dependencies = (
				5B2DED6F2EB20CE60052D1D3 /* PBXTargetDependency */,
			);
			name = LocalMindTests;
			packageProductDependencies = (
			);
			productName = LocalMindTests;
			productReference = 5B2DED6A2EB20CE60052D1D3 /* LocalMindTests.xctest */;
			productType = "com.apple.product-type.bundle.unit-test";
		};
		5B2DED762EB20D100052D1D3 /* LocalMindUITests */ = {
			isa = PBXNativeTarget;
			buildConfigurationList = 5B2DED7F2EB20D100052D1D3 /* Build configuration list for PBXNativeTarget "LocalMindUITests" */;
			buildPhases = (
				5B2DED732EB20D100052D1D3 /* Sources */,
				5B2DED742EB20D100052D1D3 /* Frameworks */,
				5B2DED752EB20D100052D1D3 /* Resources */,
			);
			buildRules = (
			);
			dependencies = (
				5B2DED7E2EB20D100052D1D3 /* PBXTargetDependency */,
			);
			name = LocalMindUITests;
			packageProductDependencies = (
			);
			productName = LocalMindUITests;
			productReference = 5B2DED772EB20D100052D1D3 /* LocalMindUITests.xctest */;
			productType = "com.apple.product-type.bundle.ui-testing";
		};
		5BB769452EA4F8EC00070D06 /* LocalMind */ = {
			isa = PBXNativeTarget;
			buildConfigurationList = 5BB769512EA4F8EE00070D06 /* Build configuration list for PBXNativeTarget "LocalMind" */;
			buildPhases = (
				5BB769422EA4F8EC00070D06 /* Sources */,
				5BB769432EA4F8EC00070D06 /* Frameworks */,
				5BB769442EA4F8EC00070D06 /* Resources */,
				5B659C6E2EA5726B007FFE93 /* ShellScript */,
			);
			buildRules = (
			);
			dependencies = (
			);
			fileSystemSynchronizedGroups = (
				5BB769482EA4F8EC00070D06 /* LocalMind */,
			);
			name = LocalMind;
			packageProductDependencies = (
				5B659C662EA56DE2007FFE93 /* SQLiteData */,
				5B659C692EA56E62007FFE93 /* ComposableArchitecture */,
				5B659C6C2EA57213007FFE93 /* LaTeXSwiftUI */,
			);
			productName = NavSplitViewApp;
			productReference = 5BB769462EA4F8EC00070D06 /* LocalMind.app */;
			productType = "com.apple.product-type.application";
		};
/* End PBXNativeTarget section */

/* Begin PBXProject section */
		5BB7693E2EA4F8EC00070D06 /* Project object */ = {
			isa = PBXProject;
			attributes = {
				BuildIndependentTargetsInParallel = 1;
				LastSwiftUpdateCheck = 2610;
				LastUpgradeCheck = 2610;
				TargetAttributes = {
					5B2DED692EB20CE60052D1D3 = {
						CreatedOnToolsVersion = 26.1;
						TestTargetID = 5BB769452EA4F8EC00070D06;
					};
					5B2DED762EB20D100052D1D3 = {
						CreatedOnToolsVersion = 26.1;
						TestTargetID = 5BB769452EA4F8EC00070D06;
					};
					5BB769452EA4F8EC00070D06 = {
						CreatedOnToolsVersion = 26.1;
					};
				};
			};
			buildConfigurationList = 5BB769412EA4F8EC00070D06 /* Build configuration list for PBXProject "LocalMind" */;
			developmentRegion = en;
			hasScannedForEncodings = 0;
			knownRegions = (
				en,
				Base,
			);
			mainGroup = 5BB7693D2EA4F8EC00070D06;
			minimizedProjectReferenceProxies = 1;
			packageReferences = (
				5B659C652EA56DE2007FFE93 /* XCRemoteSwiftPackageReference "sqlite-data" */,
				5B659C682EA56E62007FFE93 /* XCRemoteSwiftPackageReference "swift-composable-architecture" */,
				5B659C6B2EA57213007FFE93 /* XCRemoteSwiftPackageReference "LaTeXSwiftUI" */,
			);
			preferredProjectObjectVersion = 77;
			productRefGroup = 5BB769472EA4F8EC00070D06 /* Products */;
			projectDirPath = "";
			projectRoot = "";
			targets = (
				5BB769452EA4F8EC00070D06 /* LocalMind */,
				5B2DED692EB20CE60052D1D3 /* LocalMindTests */,
				5B2DED762EB20D100052D1D3 /* LocalMindUITests */,
			);
		};
/* End PBXProject section */

/* Begin PBXResourcesBuildPhase section */
		5B2DED682EB20CE60052D1D3 /* Resources */ = {
			isa = PBXResourcesBuildPhase;
			buildActionMask = 2147483647;
			files = (
			);
			runOnlyForDeploymentPostprocessing = 0;
		};
		5B2DED752EB20D100052D1D3 /* Resources */ = {
			isa = PBXResourcesBuildPhase;
			buildActionMask = 2147483647;
			files = (
			);
			runOnlyForDeploymentPostprocessing = 0;
		};
		5BB769442EA4F8EC00070D06 /* Resources */ = {
			isa = PBXResourcesBuildPhase;
			buildActionMask = 2147483647;
			files = (
			);
			runOnlyForDeploymentPostprocessing = 0;
		};
/* End PBXResourcesBuildPhase section */

/* Begin PBXShellScriptBuildPhase section */
		5B659C6E2EA5726B007FFE93 /* ShellScript */ = {
			isa = PBXShellScriptBuildPhase;
			buildActionMask = 2147483647;
			files = (
			);
			inputFileListPaths = (
			);
			inputPaths = (
			);
			outputFileListPaths = (
			);
			outputPaths = (
				"${PROJECT_DIR}/swiftlint_output.log",
			);
			runOnlyForDeploymentPostprocessing = 0;
			shellPath = /bin/sh;
			shellScript = "if [ -x \"/opt/homebrew/bin/swiftlint\" ]; then\n  CONFIG_PATH=\"${PROJECT_DIR}/.swiftlint.yml\"\n  SWIFTLINT_OUTPUT=\"${PROJECT_DIR}/swiftlint_output.log\"\n  \n  # Run SwiftLint only on modified files if possible\n  if [ -f \"$CONFIG_PATH\" ]; then\n    /opt/homebrew/bin/swiftlint --config \"$CONFIG_PATH\" --quiet > \"$SWIFTLINT_OUTPUT\" 2>&1\n  else\n    /opt/homebrew/bin/swiftlint --quiet > \"$SWIFTLINT_OUTPUT\" 2>&1\n  fi\n  \n  # Check results\n  if [ -s \"$SWIFTLINT_OUTPUT\" ]; then\n    echo \"SwiftLint issues detected:\"\n    cat \"$SWIFTLINT_OUTPUT\"\n  fi\n  \nelse\n  echo \"warning: SwiftLint not found at /opt/homebrew/bin/swiftlint\"\nfi\n";
		};
/* End PBXShellScriptBuildPhase section */

/* Begin PBXSourcesBuildPhase section */
		5B2DED662EB20CE60052D1D3 /* Sources */ = {
			isa = PBXSourcesBuildPhase;
			buildActionMask = 2147483647;
			files = (
			);
			runOnlyForDeploymentPostprocessing = 0;
		};
		5B2DED732EB20D100052D1D3 /* Sources */ = {
			isa = PBXSourcesBuildPhase;
			buildActionMask = 2147483647;
			files = (
			);
			runOnlyForDeploymentPostprocessing = 0;
		};
		5BB769422EA4F8EC00070D06 /* Sources */ = {
			isa = PBXSourcesBuildPhase;
			buildActionMask = 2147483647;
			files = (
			);
			runOnlyForDeploymentPostprocessing = 0;
		};
/* End PBXSourcesBuildPhase section */

/* Begin PBXTargetDependency section */
		5B2DED6F2EB20CE60052D1D3 /* PBXTargetDependency */ = {
			isa = PBXTargetDependency;
			platformFilters = (
				ios,
				macos,
			);
			target = 5BB769452EA4F8EC00070D06 /* LocalMind */;
			targetProxy = 5B2DED6E2EB20CE60052D1D3 /* PBXContainerItemProxy */;
		};
		5B2DED7E2EB20D100052D1D3 /* PBXTargetDependency */ = {
			isa = PBXTargetDependency;
			platformFilters = (
				ios,
				macos,
			);
			target = 5BB769452EA4F8EC00070D06 /* LocalMind */;
			targetProxy = 5B2DED7D2EB20D100052D1D3 /* PBXContainerItemProxy */;
		};
/* End PBXTargetDependency section */

/* Begin XCBuildConfiguration section */
		5B2DED712EB20CE60052D1D3 /* Debug */ = {
			isa = XCBuildConfiguration;
			buildSettings = {
				BUNDLE_LOADER = "$(TEST_HOST)";
				CODE_SIGN_STYLE = Automatic;
				CURRENT_PROJECT_VERSION = 1;
				DEVELOPMENT_TEAM = MBM8NLR735;
				ENABLE_USER_SCRIPT_SANDBOXING = YES;
				GENERATE_INFOPLIST_FILE = YES;
				IPHONEOS_DEPLOYMENT_TARGET = 26.1;
				MARKETING_VERSION = 1.0;
				PRODUCT_BUNDLE_IDENTIFIER = Home.org.LocalMindTests;
				PRODUCT_NAME = "$(TARGET_NAME)";
				STRING_CATALOG_GENERATE_SYMBOLS = NO;
				SUPPORTED_PLATFORMS = "iphoneos iphonesimulator macosx";
				SUPPORTS_MACCATALYST = YES;
				SWIFT_APPROACHABLE_CONCURRENCY = YES;
				SWIFT_EMIT_LOC_STRINGS = NO;
				SWIFT_UPCOMING_FEATURE_MEMBER_IMPORT_VISIBILITY = YES;
				SWIFT_VERSION = 6.0;
				TARGETED_DEVICE_FAMILY = "1,2";
				TEST_HOST = "$(BUILT_PRODUCTS_DIR)/LocalMind.app/$(BUNDLE_EXECUTABLE_FOLDER_PATH)/LocalMind";
			};
			name = Debug;
		};
		5B2DED722EB20CE60052D1D3 /* Release */ = {
			isa = XCBuildConfiguration;
			buildSettings = {
				BUNDLE_LOADER = "$(TEST_HOST)";
				CODE_SIGN_STYLE = Automatic;
				CURRENT_PROJECT_VERSION = 1;
				DEVELOPMENT_TEAM = MBM8NLR735;
				ENABLE_USER_SCRIPT_SANDBOXING = YES;
				GENERATE_INFOPLIST_FILE = YES;
				IPHONEOS_DEPLOYMENT_TARGET = 26.1;
				MARKETING_VERSION = 1.0;
				PRODUCT_BUNDLE_IDENTIFIER = Home.org.LocalMindTests;
				PRODUCT_NAME = "$(TARGET_NAME)";
				STRING_CATALOG_GENERATE_SYMBOLS = NO;
				SUPPORTED_PLATFORMS = "iphoneos iphonesimulator macosx";
				SUPPORTS_MACCATALYST = YES;
				SWIFT_APPROACHABLE_CONCURRENCY = YES;
				SWIFT_EMIT_LOC_STRINGS = NO;
				SWIFT_UPCOMING_FEATURE_MEMBER_IMPORT_VISIBILITY = YES;
				SWIFT_VERSION = 6.0;
				TARGETED_DEVICE_FAMILY = "1,2";
				TEST_HOST = "$(BUILT_PRODUCTS_DIR)/LocalMind.app/$(BUNDLE_EXECUTABLE_FOLDER_PATH)/LocalMind";
			};
			name = Release;
		};
		5B2DED802EB20D100052D1D3 /* Debug */ = {
			isa = XCBuildConfiguration;
			buildSettings = {
				CODE_SIGN_STYLE = Automatic;
				CURRENT_PROJECT_VERSION = 1;
				DEVELOPMENT_TEAM = MBM8NLR735;
				ENABLE_USER_SCRIPT_SANDBOXING = YES;
				GENERATE_INFOPLIST_FILE = YES;
				IPHONEOS_DEPLOYMENT_TARGET = 26.1;
				MARKETING_VERSION = 1.0;
				PRODUCT_BUNDLE_IDENTIFIER = Home.org.LocalMindUITests;
				PRODUCT_NAME = "$(TARGET_NAME)";
				STRING_CATALOG_GENERATE_SYMBOLS = NO;
				SUPPORTED_PLATFORMS = "iphoneos iphonesimulator macosx";
				SUPPORTS_MACCATALYST = YES;
				SWIFT_APPROACHABLE_CONCURRENCY = YES;
				SWIFT_EMIT_LOC_STRINGS = NO;
				SWIFT_UPCOMING_FEATURE_MEMBER_IMPORT_VISIBILITY = YES;
				SWIFT_VERSION = 6.0;
				TARGETED_DEVICE_FAMILY = "1,2";
				TEST_TARGET_NAME = LocalMind;
			};
			name = Debug;
		};
		5B2DED812EB20D100052D1D3 /* Release */ = {
			isa = XCBuildConfiguration;
			buildSettings = {
				CODE_SIGN_STYLE = Automatic;
				CURRENT_PROJECT_VERSION = 1;
				DEVELOPMENT_TEAM = MBM8NLR735;
				ENABLE_USER_SCRIPT_SANDBOXING = YES;
				GENERATE_INFOPLIST_FILE = YES;
				IPHONEOS_DEPLOYMENT_TARGET = 26.1;
				MARKETING_VERSION = 1.0;
				PRODUCT_BUNDLE_IDENTIFIER = Home.org.LocalMindUITests;
				PRODUCT_NAME = "$(TARGET_NAME)";
				STRING_CATALOG_GENERATE_SYMBOLS = NO;
				SUPPORTED_PLATFORMS = "iphoneos iphonesimulator macosx";
				SUPPORTS_MACCATALYST = YES;
				SWIFT_APPROACHABLE_CONCURRENCY = YES;
				SWIFT_EMIT_LOC_STRINGS = NO;
				SWIFT_UPCOMING_FEATURE_MEMBER_IMPORT_VISIBILITY = YES;
				SWIFT_VERSION = 6.0;
				TARGETED_DEVICE_FAMILY = "1,2";
				TEST_TARGET_NAME = LocalMind;
			};
			name = Release;
		};
		5BB7694F2EA4F8EE00070D06 /* Debug */ = {
			isa = XCBuildConfiguration;
			buildSettings = {
				ALWAYS_SEARCH_USER_PATHS = NO;
				ASSETCATALOG_COMPILER_GENERATE_SWIFT_ASSET_SYMBOL_EXTENSIONS = YES;
				CLANG_ANALYZER_NONNULL = YES;
				CLANG_ANALYZER_NUMBER_OBJECT_CONVERSION = YES_AGGRESSIVE;
				CLANG_CXX_LANGUAGE_STANDARD = "gnu++20";
				CLANG_ENABLE_MODULES = YES;
				CLANG_ENABLE_OBJC_ARC = YES;
				CLANG_ENABLE_OBJC_WEAK = YES;
				CLANG_WARN_BLOCK_CAPTURE_AUTORELEASING = YES;
				CLANG_WARN_BOOL_CONVERSION = YES;
				CLANG_WARN_COMMA = YES;
				CLANG_WARN_CONSTANT_CONVERSION = YES;
				CLANG_WARN_DEPRECATED_OBJC_IMPLEMENTATIONS = YES;
				CLANG_WARN_DIRECT_OBJC_ISA_USAGE = YES_ERROR;
				CLANG_WARN_DOCUMENTATION_COMMENTS = YES;
				CLANG_WARN_EMPTY_BODY = YES;
				CLANG_WARN_ENUM_CONVERSION = YES;
				CLANG_WARN_INFINITE_RECURSION = YES;
				CLANG_WARN_INT_CONVERSION = YES;
				CLANG_WARN_NON_LITERAL_NULL_CONVERSION = YES;
				CLANG_WARN_OBJC_IMPLICIT_RETAIN_SELF = YES;
				CLANG_WARN_OBJC_LITERAL_CONVERSION = YES;
				CLANG_WARN_OBJC_ROOT_CLASS = YES_ERROR;
				CLANG_WARN_QUOTED_INCLUDE_IN_FRAMEWORK_HEADER = YES;
				CLANG_WARN_RANGE_LOOP_ANALYSIS = YES;
				CLANG_WARN_STRICT_PROTOTYPES = YES;
				CLANG_WARN_SUSPICIOUS_MOVE = YES;
				CLANG_WARN_UNGUARDED_AVAILABILITY = YES_AGGRESSIVE;
				CLANG_WARN_UNREACHABLE_CODE = YES;
				CLANG_WARN__DUPLICATE_METHOD_MATCH = YES;
				COPY_PHASE_STRIP = NO;
				DEBUG_INFORMATION_FORMAT = dwarf;
				DEVELOPMENT_TEAM = MBM8NLR735;
				ENABLE_STRICT_OBJC_MSGSEND = YES;
				ENABLE_TESTABILITY = YES;
				ENABLE_USER_SCRIPT_SANDBOXING = NO;
				GCC_C_LANGUAGE_STANDARD = gnu17;
				GCC_DYNAMIC_NO_PIC = NO;
				GCC_NO_COMMON_BLOCKS = YES;
				GCC_OPTIMIZATION_LEVEL = 0;
				GCC_PREPROCESSOR_DEFINITIONS = (
					"DEBUG=1",
					"$(inherited)",
				);
				GCC_WARN_64_TO_32_BIT_CONVERSION = YES;
				GCC_WARN_ABOUT_RETURN_TYPE = YES_ERROR;
				GCC_WARN_UNDECLARED_SELECTOR = YES;
				GCC_WARN_UNINITIALIZED_AUTOS = YES_AGGRESSIVE;
				GCC_WARN_UNUSED_FUNCTION = YES;
				GCC_WARN_UNUSED_VARIABLE = YES;
				IPHONEOS_DEPLOYMENT_TARGET = 26.0;
				LOCALIZATION_PREFERS_STRING_CATALOGS = YES;
				MACOSX_DEPLOYMENT_TARGET = 26.0;
				MTL_ENABLE_DEBUG_INFO = INCLUDE_SOURCE;
				MTL_FAST_MATH = YES;
				ONLY_ACTIVE_ARCH = YES;
				SDKROOT = iphoneos;
				SUPPORTED_PLATFORMS = macosx;
				SWIFT_ACTIVE_COMPILATION_CONDITIONS = "DEBUG $(inherited)";
				SWIFT_OPTIMIZATION_LEVEL = "-Onone";
				SWIFT_STRICT_CONCURRENCY = complete;
				SWIFT_VERSION = 6.0;
				TARGETED_DEVICE_FAMILY = "1,2,7";
				TVOS_DEPLOYMENT_TARGET = 26.0;
				WATCHOS_DEPLOYMENT_TARGET = 26.0;
				XROS_DEPLOYMENT_TARGET = 26.0;
			};
			name = Debug;
		};
		5BB769502EA4F8EE00070D06 /* Release */ = {
			isa = XCBuildConfiguration;
			buildSettings = {
				ALWAYS_SEARCH_USER_PATHS = NO;
				ASSETCATALOG_COMPILER_GENERATE_SWIFT_ASSET_SYMBOL_EXTENSIONS = YES;
				CLANG_ANALYZER_NONNULL = YES;
				CLANG_ANALYZER_NUMBER_OBJECT_CONVERSION = YES_AGGRESSIVE;
				CLANG_CXX_LANGUAGE_STANDARD = "gnu++20";
				CLANG_ENABLE_MODULES = YES;
				CLANG_ENABLE_OBJC_ARC = YES;
				CLANG_ENABLE_OBJC_WEAK = YES;
				CLANG_WARN_BLOCK_CAPTURE_AUTORELEASING = YES;
				CLANG_WARN_BOOL_CONVERSION = YES;
				CLANG_WARN_COMMA = YES;
				CLANG_WARN_CONSTANT_CONVERSION = YES;
				CLANG_WARN_DEPRECATED_OBJC_IMPLEMENTATIONS = YES;
				CLANG_WARN_DIRECT_OBJC_ISA_USAGE = YES_ERROR;
				CLANG_WARN_DOCUMENTATION_COMMENTS = YES;
				CLANG_WARN_EMPTY_BODY = YES;
				CLANG_WARN_ENUM_CONVERSION = YES;
				CLANG_WARN_INFINITE_RECURSION = YES;
				CLANG_WARN_INT_CONVERSION = YES;
				CLANG_WARN_NON_LITERAL_NULL_CONVERSION = YES;
				CLANG_WARN_OBJC_IMPLICIT_RETAIN_SELF = YES;
				CLANG_WARN_OBJC_LITERAL_CONVERSION = YES;
				CLANG_WARN_OBJC_ROOT_CLASS = YES_ERROR;
				CLANG_WARN_QUOTED_INCLUDE_IN_FRAMEWORK_HEADER = YES;
				CLANG_WARN_RANGE_LOOP_ANALYSIS = YES;
				CLANG_WARN_STRICT_PROTOTYPES = YES;
				CLANG_WARN_SUSPICIOUS_MOVE = YES;
				CLANG_WARN_UNGUARDED_AVAILABILITY = YES_AGGRESSIVE;
				CLANG_WARN_UNREACHABLE_CODE = YES;
				CLANG_WARN__DUPLICATE_METHOD_MATCH = YES;
				COPY_PHASE_STRIP = NO;
				DEBUG_INFORMATION_FORMAT = "dwarf-with-dsym";
				DEVELOPMENT_TEAM = MBM8NLR735;
				ENABLE_NS_ASSERTIONS = NO;
				ENABLE_STRICT_OBJC_MSGSEND = YES;
				ENABLE_USER_SCRIPT_SANDBOXING = NO;
				GCC_C_LANGUAGE_STANDARD = gnu17;
				GCC_NO_COMMON_BLOCKS = YES;
				GCC_WARN_64_TO_32_BIT_CONVERSION = YES;
				GCC_WARN_ABOUT_RETURN_TYPE = YES_ERROR;
				GCC_WARN_UNDECLARED_SELECTOR = YES;
				GCC_WARN_UNINITIALIZED_AUTOS = YES_AGGRESSIVE;
				GCC_WARN_UNUSED_FUNCTION = YES;
				GCC_WARN_UNUSED_VARIABLE = YES;
				IPHONEOS_DEPLOYMENT_TARGET = 26.0;
				LOCALIZATION_PREFERS_STRING_CATALOGS = YES;
				MACOSX_DEPLOYMENT_TARGET = 26.0;
				MTL_ENABLE_DEBUG_INFO = NO;
				MTL_FAST_MATH = YES;
				SDKROOT = iphoneos;
				SUPPORTED_PLATFORMS = macosx;
				SWIFT_COMPILATION_MODE = wholemodule;
				SWIFT_STRICT_CONCURRENCY = complete;
				SWIFT_VERSION = 6.0;
				TARGETED_DEVICE_FAMILY = "1,2,7";
				TVOS_DEPLOYMENT_TARGET = 26.0;
				VALIDATE_PRODUCT = YES;
				WATCHOS_DEPLOYMENT_TARGET = 26.0;
				XROS_DEPLOYMENT_TARGET = 26.0;
			};
			name = Release;
		};
		5BB769522EA4F8EE00070D06 /* Debug */ = {
			isa = XCBuildConfiguration;
			buildSettings = {
				ASSETCATALOG_COMPILER_APPICON_NAME = AppIcon;
				ASSETCATALOG_COMPILER_GLOBAL_ACCENT_COLOR_NAME = AccentColor;
				CODE_SIGN_STYLE = Automatic;
				CURRENT_PROJECT_VERSION = 1;
				DEVELOPMENT_TEAM = "";
				ENABLE_APP_SANDBOX = YES;
				ENABLE_HARDENED_RUNTIME = YES;
				ENABLE_OUTGOING_NETWORK_CONNECTIONS = YES;
				ENABLE_PREVIEWS = YES;
				ENABLE_USER_SCRIPT_SANDBOXING = NO;
				GENERATE_INFOPLIST_FILE = YES;
				INFOPLIST_KEY_UIApplicationSceneManifest_Generation = YES;
				INFOPLIST_KEY_UIApplicationSupportsIndirectInputEvents = YES;
				INFOPLIST_KEY_UILaunchScreen_Generation = YES;
				INFOPLIST_KEY_UISupportedInterfaceOrientations_iPad = "UIInterfaceOrientationPortrait UIInterfaceOrientationPortraitUpsideDown UIInterfaceOrientationLandscapeLeft UIInterfaceOrientationLandscapeRight";
				INFOPLIST_KEY_UISupportedInterfaceOrientations_iPhone = "UIInterfaceOrientationPortrait UIInterfaceOrientationLandscapeLeft UIInterfaceOrientationLandscapeRight";
				IPHONEOS_DEPLOYMENT_TARGET = 26.0;
				LD_RUNPATH_SEARCH_PATHS = (
					"$(inherited)",
					"@executable_path/Frameworks",
				);
				MACOSX_DEPLOYMENT_TARGET = 26.0;
				MARKETING_VERSION = 1.0;
				PRODUCT_BUNDLE_IDENTIFIER = Home.org.LocalMind;
				PRODUCT_NAME = "$(TARGET_NAME)";
				REGISTER_APP_GROUPS = YES;
				STRING_CATALOG_GENERATE_SYMBOLS = YES;
				SUPPORTED_PLATFORMS = "iOS iphoneos iphonesimulator macOS macosx xros xrsimulator";
				SUPPORTS_MACCATALYST = NO;
				SUPPORTS_MAC_DESIGNED_FOR_IPHONE_IPAD = NO;
				SUPPORTS_XR_DESIGNED_FOR_IPHONE_IPAD = NO;
				SWIFT_APPROACHABLE_CONCURRENCY = YES;
				SWIFT_DEFAULT_ACTOR_ISOLATION = MainActor;
				SWIFT_EMIT_LOC_STRINGS = YES;
				SWIFT_UPCOMING_FEATURE_MEMBER_IMPORT_VISIBILITY = YES;
				SWIFT_VERSION = 6.0;
				TARGETED_DEVICE_FAMILY = "1,2,7";
				XROS_DEPLOYMENT_TARGET = 26.0;
			};
			name = Debug;
		};
		5BB769532EA4F8EE00070D06 /* Release */ = {
			isa = XCBuildConfiguration;
			buildSettings = {
				ASSETCATALOG_COMPILER_APPICON_NAME = AppIcon;
				ASSETCATALOG_COMPILER_GLOBAL_ACCENT_COLOR_NAME = AccentColor;
				CODE_SIGN_STYLE = Automatic;
				CURRENT_PROJECT_VERSION = 1;
				DEVELOPMENT_TEAM = "";
				ENABLE_APP_SANDBOX = YES;
				ENABLE_HARDENED_RUNTIME = YES;
				ENABLE_OUTGOING_NETWORK_CONNECTIONS = YES;
				ENABLE_PREVIEWS = YES;
				ENABLE_USER_SCRIPT_SANDBOXING = NO;
				GENERATE_INFOPLIST_FILE = YES;
				INFOPLIST_KEY_UIApplicationSceneManifest_Generation = YES;
				INFOPLIST_KEY_UIApplicationSupportsIndirectInputEvents = YES;
				INFOPLIST_KEY_UILaunchScreen_Generation = YES;
				INFOPLIST_KEY_UISupportedInterfaceOrientations_iPad = "UIInterfaceOrientationPortrait UIInterfaceOrientationPortraitUpsideDown UIInterfaceOrientationLandscapeLeft UIInterfaceOrientationLandscapeRight";
				INFOPLIST_KEY_UISupportedInterfaceOrientations_iPhone = "UIInterfaceOrientationPortrait UIInterfaceOrientationLandscapeLeft UIInterfaceOrientationLandscapeRight";
				IPHONEOS_DEPLOYMENT_TARGET = 26.0;
				LD_RUNPATH_SEARCH_PATHS = (
					"$(inherited)",
					"@executable_path/Frameworks",
				);
				MACOSX_DEPLOYMENT_TARGET = 26.0;
				MARKETING_VERSION = 1.0;
				PRODUCT_BUNDLE_IDENTIFIER = Home.org.LocalMind;
				PRODUCT_NAME = "$(TARGET_NAME)";
				REGISTER_APP_GROUPS = YES;
				STRING_CATALOG_GENERATE_SYMBOLS = YES;
				SUPPORTED_PLATFORMS = "iOS iphoneos iphonesimulator macOS macosx xros xrsimulator";
				SUPPORTS_MACCATALYST = NO;
				SUPPORTS_MAC_DESIGNED_FOR_IPHONE_IPAD = NO;
				SUPPORTS_XR_DESIGNED_FOR_IPHONE_IPAD = NO;
				SWIFT_APPROACHABLE_CONCURRENCY = YES;
				SWIFT_DEFAULT_ACTOR_ISOLATION = MainActor;
				SWIFT_EMIT_LOC_STRINGS = YES;
				SWIFT_UPCOMING_FEATURE_MEMBER_IMPORT_VISIBILITY = YES;
				SWIFT_VERSION = 6.0;
				TARGETED_DEVICE_FAMILY = "1,2,7";
				XROS_DEPLOYMENT_TARGET = 26.0;
			};
			name = Release;
		};
/* End XCBuildConfiguration section */

/* Begin XCConfigurationList section */
		5B2DED702EB20CE60052D1D3 /* Build configuration list for PBXNativeTarget "LocalMindTests" */ = {
			isa = XCConfigurationList;
			buildConfigurations = (
				5B2DED712EB20CE60052D1D3 /* Debug */,
				5B2DED722EB20CE60052D1D3 /* Release */,
			);
			defaultConfigurationIsVisible = 0;
			defaultConfigurationName = Release;
		};
		5B2DED7F2EB20D100052D1D3 /* Build configuration list for PBXNativeTarget "LocalMindUITests" */ = {
			isa = XCConfigurationList;
			buildConfigurations = (
				5B2DED802EB20D100052D1D3 /* Debug */,
				5B2DED812EB20D100052D1D3 /* Release */,
			);
			defaultConfigurationIsVisible = 0;
			defaultConfigurationName = Release;
		};
		5BB769412EA4F8EC00070D06 /* Build configuration list for PBXProject "LocalMind" */ = {
			isa = XCConfigurationList;
			buildConfigurations = (
				5BB7694F2EA4F8EE00070D06 /* Debug */,
				5BB769502EA4F8EE00070D06 /* Release */,
			);
			defaultConfigurationIsVisible = 0;
			defaultConfigurationName = Release;
		};
		5BB769512EA4F8EE00070D06 /* Build configuration list for PBXNativeTarget "LocalMind" */ = {
			isa = XCConfigurationList;
			buildConfigurations = (
				5BB769522EA4F8EE00070D06 /* Debug */,
				5BB769532EA4F8EE00070D06 /* Release */,
			);
			defaultConfigurationIsVisible = 0;
			defaultConfigurationName = Release;
		};
/* End XCConfigurationList section */

/* Begin XCRemoteSwiftPackageReference section */
		5B659C652EA56DE2007FFE93 /* XCRemoteSwiftPackageReference "sqlite-data" */ = {
			isa = XCRemoteSwiftPackageReference;
			repositoryURL = "https://github.com/pointfreeco/sqlite-data";
			requirement = {
				kind = upToNextMajorVersion;
				minimumVersion = 1.2.0;
			};
		};
		5B659C682EA56E62007FFE93 /* XCRemoteSwiftPackageReference "swift-composable-architecture" */ = {
			isa = XCRemoteSwiftPackageReference;
			repositoryURL = "https://github.com/pointfreeco/swift-composable-architecture";
			requirement = {
				kind = upToNextMajorVersion;
				minimumVersion = 1.23.0;
			};
		};
		5B659C6B2EA57213007FFE93 /* XCRemoteSwiftPackageReference "LaTeXSwiftUI" */ = {
			isa = XCRemoteSwiftPackageReference;
			repositoryURL = "https://github.com/colinc86/LaTeXSwiftUI";
			requirement = {
				kind = upToNextMajorVersion;
				minimumVersion = 1.0.0;
			};
		};
/* End XCRemoteSwiftPackageReference section */

/* Begin XCSwiftPackageProductDependency section */
		5B659C662EA56DE2007FFE93 /* SQLiteData */ = {
			isa = XCSwiftPackageProductDependency;
			package = 5B659C652EA56DE2007FFE93 /* XCRemoteSwiftPackageReference "sqlite-data" */;
			productName = SQLiteData;
		};
		5B659C692EA56E62007FFE93 /* ComposableArchitecture */ = {
			isa = XCSwiftPackageProductDependency;
			package = 5B659C682EA56E62007FFE93 /* XCRemoteSwiftPackageReference "swift-composable-architecture" */;
			productName = ComposableArchitecture;
		};
		5B659C6C2EA57213007FFE93 /* LaTeXSwiftUI */ = {
			isa = XCSwiftPackageProductDependency;
			package = 5B659C6B2EA57213007FFE93 /* XCRemoteSwiftPackageReference "LaTeXSwiftUI" */;
			productName = LaTeXSwiftUI;
		};
/* End XCSwiftPackageProductDependency section */
	};
	rootObject = 5BB7693E2EA4F8EC00070D06 /* Project object */;
}
